
Microsoft Visual Studio Solution File, Format Version 12.00
# Visual Studio 14
VisualStudioVersion = 14.0.23107.0
MinimumVisualStudioVersion = 10.0.40219.1
Project("{FAE04EC0-301F-11D3-BF4B-00C04F79EFBC}") = "DoorPrize.Services", "Source\DoorPrize.Services\DoorPrize.Services.csproj", "{1B2A62B7-0855-4A58-A7B1-13633A9D6D82}"
EndProject
Project("{FAE04EC0-301F-11D3-BF4B-00C04F79EFBC}") = "DoorPrize.Client", "Source\DoorPrize.Client\DoorPrize.Client.csproj", "{CAA06F27-A1F3-46BB-AB07-71FAC835B546}"
EndProject
Project("{FAE04EC0-301F-11D3-BF4B-00C04F79EFBC}") = "DoorPrize.Shared", "Source\DoorPrize.Shared\DoorPrize.Shared.csproj", "{89073A85-6BF4-4730-8245-2761860CBD6C}"
EndProject
Global
	GlobalSection(SolutionConfigurationPlatforms) = preSolution
		Debug|Any CPU = Debug|Any CPU
		Release|Any CPU = Release|Any CPU
	EndGlobalSection
	GlobalSection(ProjectConfigurationPlatforms) = postSolution
		{1B2A62B7-0855-4A58-A7B1-13633A9D6D82}.Debug|Any CPU.ActiveCfg = Debug|Any CPU
		{1B2A62B7-0855-4A58-A7B1-13633A9D6D82}.Debug|Any CPU.Build.0 = Debug|Any CPU
		{1B2A62B7-0855-4A58-A7B1-13633A9D6D82}.Release|Any CPU.ActiveCfg = Release|Any CPU
		{1B2A62B7-0855-4A58-A7B1-13633A9D6D82}.Release|Any CPU.Build.0 = Release|Any CPU
		{CAA06F27-A1F3-46BB-AB07-71FAC835B546}.Debug|Any CPU.ActiveCfg = Debug|Any CPU
		{CAA06F27-A1F3-46BB-AB07-71FAC835B546}.Debug|Any CPU.Build.0 = Debug|Any CPU
		{CAA06F27-A1F3-46BB-AB07-71FAC835B546}.Release|Any CPU.ActiveCfg = Release|Any CPU
		{CAA06F27-A1F3-46BB-AB07-71FAC835B546}.Release|Any CPU.Build.0 = Release|Any CPU
		{89073A85-6BF4-4730-8245-2761860CBD6C}.Debug|Any CPU.ActiveCfg = Debug|Any CPU
		{89073A85-6BF4-4730-8245-2761860CBD6C}.Debug|Any CPU.Build.0 = Debug|Any CPU
		{89073A85-6BF4-4730-8245-2761860CBD6C}.Release|Any CPU.ActiveCfg = Release|Any CPU
		{89073A85-6BF4-4730-8245-2761860CBD6C}.Release|Any CPU.Build.0 = Release|Any CPU
	EndGlobalSection
	GlobalSection(SolutionProperties) = preSolution
		HideSolutionNode = FALSE
	EndGlobalSection
EndGlobal
