
Microsoft Visual Studio Solution File, Format Version 12.00
# Visual Studio 14
VisualStudioVersion = 14.0.23107.0
MinimumVisualStudioVersion = 10.0.40219.1
Project("{FAE04EC0-301F-11D3-BF4B-00C04F79EFBC}") = "DoorPrize.Services", "Source\DoorPrize.Services\DoorPrize.Services.csproj", "{1B2A62B7-0855-4A58-A7B1-13633A9D6D82}"
EndProject
Project("{FAE04EC0-301F-11D3-BF4B-00C04F79EFBC}") = "DoorPrize.Client", "Source\DoorPrize.Client\DoorPrize.Client.csproj", "{CAA06F27-A1F3-46BB-AB07-71FAC835B546}"
EndProject
Project("{FAE04EC0-301F-11D3-BF4B-00C04F79EFBC}") = "DoorPrize.Shared", "Source\DoorPrize.Shared\DoorPrize.Shared.csproj", "{89073A85-6BF4-4730-8245-2761860CBD6C}"
EndProject
Project("{FAE04EC0-301F-11D3-BF4B-00C04F79EFBC}") = "DoorPrize.Generic", "Source\DoorPrize.Generic\DoorPrize.Generic.csproj", "{898005A9-13CD-4200-974D-90F6C7788845}"
EndProject
Project("{FAE04EC0-301F-11D3-BF4B-00C04F79EFBC}") = "DoorPrize.GUI", "Source\DoorPrize.GUI\DoorPrize.GUI.csproj", "{6DF54400-43CD-44B8-9D95-47B33DEE3BB0}"
EndProject
Project("{2150E333-8FDC-42A3-9474-1A3956D46DE8}") = "Source", "Source", "{FD131634-547A-45C7-84F8-4380CE6C19F9}"
EndProject
Project("{2150E333-8FDC-42A3-9474-1A3956D46DE8}") = "Common", "Common", "{07C17CF6-56D7-461B-824C-CB0B6B9FAB91}"
EndProject
Project("{2150E333-8FDC-42A3-9474-1A3956D46DE8}") = "Clients", "Clients", "{9ABEF8D5-AA16-41FD-92DC-B6DD4FCF8A91}"
EndProject
Project("{2150E333-8FDC-42A3-9474-1A3956D46DE8}") = "Web", "Web", "{FFEDEB99-1858-4250-BC6C-762D84DF9648}"
EndProject
Project("{2150E333-8FDC-42A3-9474-1A3956D46DE8}") = "Utilities", "Utilities", "{50A14007-AFE4-4DF9-9ED7-AC1B555FAAFE}"
EndProject
Project("{FAE04EC0-301F-11D3-BF4B-00C04F79EFBC}") = "DoorPrize.Initializer", "Source\DoorPrize.Initializer\DoorPrize.Initializer.csproj", "{B6E6DF41-A469-440A-BCB9-8C257386F731}"
EndProject
Global
	GlobalSection(SolutionConfigurationPlatforms) = preSolution
		Debug|Any CPU = Debug|Any CPU
		Release|Any CPU = Release|Any CPU
	EndGlobalSection
	GlobalSection(ProjectConfigurationPlatforms) = postSolution
		{1B2A62B7-0855-4A58-A7B1-13633A9D6D82}.Debug|Any CPU.ActiveCfg = Debug|Any CPU
		{1B2A62B7-0855-4A58-A7B1-13633A9D6D82}.Debug|Any CPU.Build.0 = Debug|Any CPU
		{1B2A62B7-0855-4A58-A7B1-13633A9D6D82}.Release|Any CPU.ActiveCfg = Release|Any CPU
		{1B2A62B7-0855-4A58-A7B1-13633A9D6D82}.Release|Any CPU.Build.0 = Release|Any CPU
		{CAA06F27-A1F3-46BB-AB07-71FAC835B546}.Debug|Any CPU.ActiveCfg = Debug|Any CPU
		{CAA06F27-A1F3-46BB-AB07-71FAC835B546}.Debug|Any CPU.Build.0 = Debug|Any CPU
		{CAA06F27-A1F3-46BB-AB07-71FAC835B546}.Release|Any CPU.ActiveCfg = Release|Any CPU
		{CAA06F27-A1F3-46BB-AB07-71FAC835B546}.Release|Any CPU.Build.0 = Release|Any CPU
		{89073A85-6BF4-4730-8245-2761860CBD6C}.Debug|Any CPU.ActiveCfg = Debug|Any CPU
		{89073A85-6BF4-4730-8245-2761860CBD6C}.Debug|Any CPU.Build.0 = Debug|Any CPU
		{89073A85-6BF4-4730-8245-2761860CBD6C}.Release|Any CPU.ActiveCfg = Release|Any CPU
		{89073A85-6BF4-4730-8245-2761860CBD6C}.Release|Any CPU.Build.0 = Release|Any CPU
		{898005A9-13CD-4200-974D-90F6C7788845}.Debug|Any CPU.ActiveCfg = Debug|Any CPU
		{898005A9-13CD-4200-974D-90F6C7788845}.Debug|Any CPU.Build.0 = Debug|Any CPU
		{898005A9-13CD-4200-974D-90F6C7788845}.Release|Any CPU.ActiveCfg = Release|Any CPU
		{898005A9-13CD-4200-974D-90F6C7788845}.Release|Any CPU.Build.0 = Release|Any CPU
		{6DF54400-43CD-44B8-9D95-47B33DEE3BB0}.Debug|Any CPU.ActiveCfg = Debug|Any CPU
		{6DF54400-43CD-44B8-9D95-47B33DEE3BB0}.Debug|Any CPU.Build.0 = Debug|Any CPU
		{6DF54400-43CD-44B8-9D95-47B33DEE3BB0}.Release|Any CPU.ActiveCfg = Release|Any CPU
		{6DF54400-43CD-44B8-9D95-47B33DEE3BB0}.Release|Any CPU.Build.0 = Release|Any CPU
		{B6E6DF41-A469-440A-BCB9-8C257386F731}.Debug|Any CPU.ActiveCfg = Debug|Any CPU
		{B6E6DF41-A469-440A-BCB9-8C257386F731}.Debug|Any CPU.Build.0 = Debug|Any CPU
		{B6E6DF41-A469-440A-BCB9-8C257386F731}.Release|Any CPU.ActiveCfg = Release|Any CPU
		{B6E6DF41-A469-440A-BCB9-8C257386F731}.Release|Any CPU.Build.0 = Release|Any CPU
	EndGlobalSection
	GlobalSection(SolutionProperties) = preSolution
		HideSolutionNode = FALSE
	EndGlobalSection
	GlobalSection(NestedProjects) = preSolution
		{1B2A62B7-0855-4A58-A7B1-13633A9D6D82} = {FFEDEB99-1858-4250-BC6C-762D84DF9648}
		{CAA06F27-A1F3-46BB-AB07-71FAC835B546} = {9ABEF8D5-AA16-41FD-92DC-B6DD4FCF8A91}
		{89073A85-6BF4-4730-8245-2761860CBD6C} = {07C17CF6-56D7-461B-824C-CB0B6B9FAB91}
		{898005A9-13CD-4200-974D-90F6C7788845} = {07C17CF6-56D7-461B-824C-CB0B6B9FAB91}
		{6DF54400-43CD-44B8-9D95-47B33DEE3BB0} = {07C17CF6-56D7-461B-824C-CB0B6B9FAB91}
		{07C17CF6-56D7-461B-824C-CB0B6B9FAB91} = {FD131634-547A-45C7-84F8-4380CE6C19F9}
		{9ABEF8D5-AA16-41FD-92DC-B6DD4FCF8A91} = {FD131634-547A-45C7-84F8-4380CE6C19F9}
		{FFEDEB99-1858-4250-BC6C-762D84DF9648} = {FD131634-547A-45C7-84F8-4380CE6C19F9}
		{50A14007-AFE4-4DF9-9ED7-AC1B555FAAFE} = {FD131634-547A-45C7-84F8-4380CE6C19F9}
		{B6E6DF41-A469-440A-BCB9-8C257386F731} = {50A14007-AFE4-4DF9-9ED7-AC1B555FAAFE}
	EndGlobalSection
EndGlobal
